// !$*UTF8*$!
{
	archiveVersion = 1;
	classes = {
	};
	objectVersion = 56;
	objects = {

/* Begin PBXBuildFile section */
		440EF7292A619D2D00A62A51 /* Alamofire in Frameworks */ = {isa = PBXBuildFile; productRef = 440EF7282A619D2D00A62A51 /* Alamofire */; };
		440EF7322A619EE500A62A51 /* SplashScreen.storyboard in Resources */ = {isa = PBXBuildFile; fileRef = 440EF72B2A619EE500A62A51 /* SplashScreen.storyboard */; };
		440EF7332A619EE500A62A51 /* SplashScreenViewController.swift in Sources */ = {isa = PBXBuildFile; fileRef = 440EF72C2A619EE500A62A51 /* SplashScreenViewController.swift */; };
		440EF7342A619EE500A62A51 /* SplashScreenPresenter.swift in Sources */ = {isa = PBXBuildFile; fileRef = 440EF72D2A619EE500A62A51 /* SplashScreenPresenter.swift */; };
		440EF7352A619EE500A62A51 /* SplashScreenInteractor.swift in Sources */ = {isa = PBXBuildFile; fileRef = 440EF72E2A619EE500A62A51 /* SplashScreenInteractor.swift */; };
		440EF7362A619EE500A62A51 /* SplashScreenModels.swift in Sources */ = {isa = PBXBuildFile; fileRef = 440EF72F2A619EE500A62A51 /* SplashScreenModels.swift */; };
		440EF7372A619EE500A62A51 /* SplashScreenWorker.swift in Sources */ = {isa = PBXBuildFile; fileRef = 440EF7302A619EE500A62A51 /* SplashScreenWorker.swift */; };
		440EF7382A619EE500A62A51 /* SplashScreenRouter.swift in Sources */ = {isa = PBXBuildFile; fileRef = 440EF7312A619EE500A62A51 /* SplashScreenRouter.swift */; };
		440EF7412A61A27600A62A51 /* HomePage.storyboard in Resources */ = {isa = PBXBuildFile; fileRef = 440EF73A2A61A27600A62A51 /* HomePage.storyboard */; };
		440EF7422A61A27600A62A51 /* HomePageViewController.swift in Sources */ = {isa = PBXBuildFile; fileRef = 440EF73B2A61A27600A62A51 /* HomePageViewController.swift */; };
		440EF7432A61A27600A62A51 /* HomePagePresenter.swift in Sources */ = {isa = PBXBuildFile; fileRef = 440EF73C2A61A27600A62A51 /* HomePagePresenter.swift */; };
		440EF7442A61A27600A62A51 /* HomePageInteractor.swift in Sources */ = {isa = PBXBuildFile; fileRef = 440EF73D2A61A27600A62A51 /* HomePageInteractor.swift */; };
		440EF7452A61A27600A62A51 /* HomePageModels.swift in Sources */ = {isa = PBXBuildFile; fileRef = 440EF73E2A61A27600A62A51 /* HomePageModels.swift */; };
		440EF7462A61A27600A62A51 /* HomePageWorker.swift in Sources */ = {isa = PBXBuildFile; fileRef = 440EF73F2A61A27600A62A51 /* HomePageWorker.swift */; };
		440EF7472A61A27600A62A51 /* HomePageRouter.swift in Sources */ = {isa = PBXBuildFile; fileRef = 440EF7402A61A27600A62A51 /* HomePageRouter.swift */; };
		4431C5962A6199B7009C0C7A /* AppDelegate.swift in Sources */ = {isa = PBXBuildFile; fileRef = 4431C5952A6199B7009C0C7A /* AppDelegate.swift */; };
		4431C5982A6199B7009C0C7A /* SceneDelegate.swift in Sources */ = {isa = PBXBuildFile; fileRef = 4431C5972A6199B7009C0C7A /* SceneDelegate.swift */; };
		4431C59A2A6199B7009C0C7A /* ViewController.swift in Sources */ = {isa = PBXBuildFile; fileRef = 4431C5992A6199B7009C0C7A /* ViewController.swift */; };
		4431C59D2A6199B7009C0C7A /* Main.storyboard in Resources */ = {isa = PBXBuildFile; fileRef = 4431C59B2A6199B7009C0C7A /* Main.storyboard */; };
		4431C59F2A6199B7009C0C7A /* Assets.xcassets in Resources */ = {isa = PBXBuildFile; fileRef = 4431C59E2A6199B7009C0C7A /* Assets.xcassets */; };
		4431C5A22A6199B7009C0C7A /* LaunchScreen.storyboard in Resources */ = {isa = PBXBuildFile; fileRef = 4431C5A02A6199B7009C0C7A /* LaunchScreen.storyboard */; };
/* End PBXBuildFile section */

/* Begin PBXFileReference section */
		440EF72B2A619EE500A62A51 /* SplashScreen.storyboard */ = {isa = PBXFileReference; lastKnownFileType = file.storyboard; path = SplashScreen.storyboard; sourceTree = "<group>"; };
		440EF72C2A619EE500A62A51 /* SplashScreenViewController.swift */ = {isa = PBXFileReference; lastKnownFileType = sourcecode.swift; path = SplashScreenViewController.swift; sourceTree = "<group>"; };
		440EF72D2A619EE500A62A51 /* SplashScreenPresenter.swift */ = {isa = PBXFileReference; lastKnownFileType = sourcecode.swift; path = SplashScreenPresenter.swift; sourceTree = "<group>"; };
		440EF72E2A619EE500A62A51 /* SplashScreenInteractor.swift */ = {isa = PBXFileReference; lastKnownFileType = sourcecode.swift; path = SplashScreenInteractor.swift; sourceTree = "<group>"; };
		440EF72F2A619EE500A62A51 /* SplashScreenModels.swift */ = {isa = PBXFileReference; lastKnownFileType = sourcecode.swift; path = SplashScreenModels.swift; sourceTree = "<group>"; };
		440EF7302A619EE500A62A51 /* SplashScreenWorker.swift */ = {isa = PBXFileReference; lastKnownFileType = sourcecode.swift; path = SplashScreenWorker.swift; sourceTree = "<group>"; };
		440EF7312A619EE500A62A51 /* SplashScreenRouter.swift */ = {isa = PBXFileReference; lastKnownFileType = sourcecode.swift; path = SplashScreenRouter.swift; sourceTree = "<group>"; };
		440EF73A2A61A27600A62A51 /* HomePage.storyboard */ = {isa = PBXFileReference; lastKnownFileType = file.storyboard; path = HomePage.storyboard; sourceTree = "<group>"; };
		440EF73B2A61A27600A62A51 /* HomePageViewController.swift */ = {isa = PBXFileReference; lastKnownFileType = sourcecode.swift; path = HomePageViewController.swift; sourceTree = "<group>"; };
		440EF73C2A61A27600A62A51 /* HomePagePresenter.swift */ = {isa = PBXFileReference; lastKnownFileType = sourcecode.swift; path = HomePagePresenter.swift; sourceTree = "<group>"; };
		440EF73D2A61A27600A62A51 /* HomePageInteractor.swift */ = {isa = PBXFileReference; lastKnownFileType = sourcecode.swift; path = HomePageInteractor.swift; sourceTree = "<group>"; };
		440EF73E2A61A27600A62A51 /* HomePageModels.swift */ = {isa = PBXFileReference; lastKnownFileType = sourcecode.swift; path = HomePageModels.swift; sourceTree = "<group>"; };
		440EF73F2A61A27600A62A51 /* HomePageWorker.swift */ = {isa = PBXFileReference; lastKnownFileType = sourcecode.swift; path = HomePageWorker.swift; sourceTree = "<group>"; };
		440EF7402A61A27600A62A51 /* HomePageRouter.swift */ = {isa = PBXFileReference; lastKnownFileType = sourcecode.swift; path = HomePageRouter.swift; sourceTree = "<group>"; };
		4431C5922A6199B7009C0C7A /* OMDBFilm.app */ = {isa = PBXFileReference; explicitFileType = wrapper.application; includeInIndex = 0; path = OMDBFilm.app; sourceTree = BUILT_PRODUCTS_DIR; };
		4431C5952A6199B7009C0C7A /* AppDelegate.swift */ = {isa = PBXFileReference; lastKnownFileType = sourcecode.swift; path = AppDelegate.swift; sourceTree = "<group>"; };
		4431C5972A6199B7009C0C7A /* SceneDelegate.swift */ = {isa = PBXFileReference; lastKnownFileType = sourcecode.swift; path = SceneDelegate.swift; sourceTree = "<group>"; };
		4431C5992A6199B7009C0C7A /* ViewController.swift */ = {isa = PBXFileReference; lastKnownFileType = sourcecode.swift; path = ViewController.swift; sourceTree = "<group>"; };
		4431C59C2A6199B7009C0C7A /* Base */ = {isa = PBXFileReference; lastKnownFileType = file.storyboard; name = Base; path = Base.lproj/Main.storyboard; sourceTree = "<group>"; };
		4431C59E2A6199B7009C0C7A /* Assets.xcassets */ = {isa = PBXFileReference; lastKnownFileType = folder.assetcatalog; path = Assets.xcassets; sourceTree = "<group>"; };
		4431C5A12A6199B7009C0C7A /* Base */ = {isa = PBXFileReference; lastKnownFileType = file.storyboard; name = Base; path = Base.lproj/LaunchScreen.storyboard; sourceTree = "<group>"; };
		4431C5A32A6199B7009C0C7A /* Info.plist */ = {isa = PBXFileReference; lastKnownFileType = text.plist.xml; path = Info.plist; sourceTree = "<group>"; };
/* End PBXFileReference section */

/* Begin PBXFrameworksBuildPhase section */
		4431C58F2A6199B7009C0C7A /* Frameworks */ = {
			isa = PBXFrameworksBuildPhase;
			buildActionMask = 2147483647;
			files = (
				440EF7292A619D2D00A62A51 /* Alamofire in Frameworks */,
			);
			runOnlyForDeploymentPostprocessing = 0;
		};
/* End PBXFrameworksBuildPhase section */

/* Begin PBXGroup section */
		440EF72A2A619EC900A62A51 /* Splash */ = {
			isa = PBXGroup;
			children = (
				440EF72B2A619EE500A62A51 /* SplashScreen.storyboard */,
				440EF72C2A619EE500A62A51 /* SplashScreenViewController.swift */,
				440EF72D2A619EE500A62A51 /* SplashScreenPresenter.swift */,
				440EF72E2A619EE500A62A51 /* SplashScreenInteractor.swift */,
				440EF72F2A619EE500A62A51 /* SplashScreenModels.swift */,
				440EF7302A619EE500A62A51 /* SplashScreenWorker.swift */,
				440EF7312A619EE500A62A51 /* SplashScreenRouter.swift */,
			);
			path = Splash;
			sourceTree = "<group>";
		};
		440EF7392A61A26200A62A51 /* HomePage */ = {
			isa = PBXGroup;
			children = (
				440EF73A2A61A27600A62A51 /* HomePage.storyboard */,
				440EF73B2A61A27600A62A51 /* HomePageViewController.swift */,
				440EF73C2A61A27600A62A51 /* HomePagePresenter.swift */,
				440EF73D2A61A27600A62A51 /* HomePageInteractor.swift */,
				440EF73E2A61A27600A62A51 /* HomePageModels.swift */,
				440EF73F2A61A27600A62A51 /* HomePageWorker.swift */,
				440EF7402A61A27600A62A51 /* HomePageRouter.swift */,
			);
			path = HomePage;
			sourceTree = "<group>";
		};
		4431C5892A6199B7009C0C7A = {
			isa = PBXGroup;
			children = (
				4431C5942A6199B7009C0C7A /* OMDBFilm */,
				4431C5932A6199B7009C0C7A /* Products */,
			);
			sourceTree = "<group>";
		};
		4431C5932A6199B7009C0C7A /* Products */ = {
			isa = PBXGroup;
			children = (
				4431C5922A6199B7009C0C7A /* OMDBFilm.app */,
			);
			name = Products;
			sourceTree = "<group>";
		};
		4431C5942A6199B7009C0C7A /* OMDBFilm */ = {
			isa = PBXGroup;
			children = (
				440EF7392A61A26200A62A51 /* HomePage */,
				440EF72A2A619EC900A62A51 /* Splash */,
				4431C5952A6199B7009C0C7A /* AppDelegate.swift */,
				4431C5972A6199B7009C0C7A /* SceneDelegate.swift */,
				4431C5992A6199B7009C0C7A /* ViewController.swift */,
				4431C59B2A6199B7009C0C7A /* Main.storyboard */,
				4431C59E2A6199B7009C0C7A /* Assets.xcassets */,
				4431C5A02A6199B7009C0C7A /* LaunchScreen.storyboard */,
				4431C5A32A6199B7009C0C7A /* Info.plist */,
			);
			path = OMDBFilm;
			sourceTree = "<group>";
		};
/* End PBXGroup section */

/* Begin PBXNativeTarget section */
		4431C5912A6199B7009C0C7A /* OMDBFilm */ = {
			isa = PBXNativeTarget;
			buildConfigurationList = 4431C5A62A6199B7009C0C7A /* Build configuration list for PBXNativeTarget "OMDBFilm" */;
			buildPhases = (
				4431C58E2A6199B7009C0C7A /* Sources */,
				4431C58F2A6199B7009C0C7A /* Frameworks */,
				4431C5902A6199B7009C0C7A /* Resources */,
			);
			buildRules = (
			);
			dependencies = (
			);
			name = OMDBFilm;
			packageProductDependencies = (
				440EF7282A619D2D00A62A51 /* Alamofire */,
			);
			productName = OMDBFilm;
			productReference = 4431C5922A6199B7009C0C7A /* OMDBFilm.app */;
			productType = "com.apple.product-type.application";
		};
/* End PBXNativeTarget section */

/* Begin PBXProject section */
		4431C58A2A6199B7009C0C7A /* Project object */ = {
			isa = PBXProject;
			attributes = {
				BuildIndependentTargetsInParallel = 1;
				LastSwiftUpdateCheck = 1430;
				LastUpgradeCheck = 1430;
				TargetAttributes = {
					4431C5912A6199B7009C0C7A = {
						CreatedOnToolsVersion = 14.3;
					};
				};
			};
			buildConfigurationList = 4431C58D2A6199B7009C0C7A /* Build configuration list for PBXProject "OMDBFilm" */;
			compatibilityVersion = "Xcode 14.0";
			developmentRegion = en;
			hasScannedForEncodings = 0;
			knownRegions = (
				en,
				Base,
			);
			mainGroup = 4431C5892A6199B7009C0C7A;
			packageReferences = (
				440EF7272A619D2D00A62A51 /* XCRemoteSwiftPackageReference "Alamofire" */,
			);
			productRefGroup = 4431C5932A6199B7009C0C7A /* Products */;
			projectDirPath = "";
			projectRoot = "";
			targets = (
				4431C5912A6199B7009C0C7A /* OMDBFilm */,
			);
		};
/* End PBXProject section */

/* Begin PBXResourcesBuildPhase section */
		4431C5902A6199B7009C0C7A /* Resources */ = {
			isa = PBXResourcesBuildPhase;
			buildActionMask = 2147483647;
			files = (
				440EF7412A61A27600A62A51 /* HomePage.storyboard in Resources */,
				4431C5A22A6199B7009C0C7A /* LaunchScreen.storyboard in Resources */,
				440EF7322A619EE500A62A51 /* SplashScreen.storyboard in Resources */,
				4431C59F2A6199B7009C0C7A /* Assets.xcassets in Resources */,
				4431C59D2A6199B7009C0C7A /* Main.storyboard in Resources */,
			);
			runOnlyForDeploymentPostprocessing = 0;
		};
/* End PBXResourcesBuildPhase section */

/* Begin PBXSourcesBuildPhase section */
		4431C58E2A6199B7009C0C7A /* Sources */ = {
			isa = PBXSourcesBuildPhase;
			buildActionMask = 2147483647;
			files = (
				440EF7442A61A27600A62A51 /* HomePageInteractor.swift in Sources */,
				440EF7452A61A27600A62A51 /* HomePageModels.swift in Sources */,
				440EF7372A619EE500A62A51 /* SplashScreenWorker.swift in Sources */,
				440EF7342A619EE500A62A51 /* SplashScreenPresenter.swift in Sources */,
				440EF7382A619EE500A62A51 /* SplashScreenRouter.swift in Sources */,
				440EF7352A619EE500A62A51 /* SplashScreenInteractor.swift in Sources */,
				4431C59A2A6199B7009C0C7A /* ViewController.swift in Sources */,
				440EF7462A61A27600A62A51 /* HomePageWorker.swift in Sources */,
				4431C5962A6199B7009C0C7A /* AppDelegate.swift in Sources */,
				440EF7362A619EE500A62A51 /* SplashScreenModels.swift in Sources */,
				440EF7332A619EE500A62A51 /* SplashScreenViewController.swift in Sources */,
				440EF7422A61A27600A62A51 /* HomePageViewController.swift in Sources */,
				440EF7432A61A27600A62A51 /* HomePagePresenter.swift in Sources */,
				440EF7472A61A27600A62A51 /* HomePageRouter.swift in Sources */,
				4431C5982A6199B7009C0C7A /* SceneDelegate.swift in Sources */,
			);
			runOnlyForDeploymentPostprocessing = 0;
		};
/* End PBXSourcesBuildPhase section */

/* Begin PBXVariantGroup section */
		4431C59B2A6199B7009C0C7A /* Main.storyboard */ = {
			isa = PBXVariantGroup;
			children = (
				4431C59C2A6199B7009C0C7A /* Base */,
			);
			name = Main.storyboard;
			sourceTree = "<group>";
		};
		4431C5A02A6199B7009C0C7A /* LaunchScreen.storyboard */ = {
			isa = PBXVariantGroup;
			children = (
				4431C5A12A6199B7009C0C7A /* Base */,
			);
			name = LaunchScreen.storyboard;
			sourceTree = "<group>";
		};
/* End PBXVariantGroup section */

/* Begin XCBuildConfiguration section */
		4431C5A42A6199B7009C0C7A /* Debug */ = {
			isa = XCBuildConfiguration;
			buildSettings = {
				ALWAYS_SEARCH_USER_PATHS = NO;
				CLANG_ANALYZER_NONNULL = YES;
				CLANG_ANALYZER_NUMBER_OBJECT_CONVERSION = YES_AGGRESSIVE;
				CLANG_CXX_LANGUAGE_STANDARD = "gnu++20";
				CLANG_ENABLE_MODULES = YES;
				CLANG_ENABLE_OBJC_ARC = YES;
				CLANG_ENABLE_OBJC_WEAK = YES;
				CLANG_WARN_BLOCK_CAPTURE_AUTORELEASING = YES;
				CLANG_WARN_BOOL_CONVERSION = YES;
				CLANG_WARN_COMMA = YES;
				CLANG_WARN_CONSTANT_CONVERSION = YES;
				CLANG_WARN_DEPRECATED_OBJC_IMPLEMENTATIONS = YES;
				CLANG_WARN_DIRECT_OBJC_ISA_USAGE = YES_ERROR;
				CLANG_WARN_DOCUMENTATION_COMMENTS = YES;
				CLANG_WARN_EMPTY_BODY = YES;
				CLANG_WARN_ENUM_CONVERSION = YES;
				CLANG_WARN_INFINITE_RECURSION = YES;
				CLANG_WARN_INT_CONVERSION = YES;
				CLANG_WARN_NON_LITERAL_NULL_CONVERSION = YES;
				CLANG_WARN_OBJC_IMPLICIT_RETAIN_SELF = YES;
				CLANG_WARN_OBJC_LITERAL_CONVERSION = YES;
				CLANG_WARN_OBJC_ROOT_CLASS = YES_ERROR;
				CLANG_WARN_QUOTED_INCLUDE_IN_FRAMEWORK_HEADER = YES;
				CLANG_WARN_RANGE_LOOP_ANALYSIS = YES;
				CLANG_WARN_STRICT_PROTOTYPES = YES;
				CLANG_WARN_SUSPICIOUS_MOVE = YES;
				CLANG_WARN_UNGUARDED_AVAILABILITY = YES_AGGRESSIVE;
				CLANG_WARN_UNREACHABLE_CODE = YES;
				CLANG_WARN__DUPLICATE_METHOD_MATCH = YES;
				COPY_PHASE_STRIP = NO;
				DEBUG_INFORMATION_FORMAT = dwarf;
				ENABLE_STRICT_OBJC_MSGSEND = YES;
				ENABLE_TESTABILITY = YES;
				GCC_C_LANGUAGE_STANDARD = gnu11;
				GCC_DYNAMIC_NO_PIC = NO;
				GCC_NO_COMMON_BLOCKS = YES;
				GCC_OPTIMIZATION_LEVEL = 0;
				GCC_PREPROCESSOR_DEFINITIONS = (
					"DEBUG=1",
					"$(inherited)",
				);
				GCC_WARN_64_TO_32_BIT_CONVERSION = YES;
				GCC_WARN_ABOUT_RETURN_TYPE = YES_ERROR;
				GCC_WARN_UNDECLARED_SELECTOR = YES;
				GCC_WARN_UNINITIALIZED_AUTOS = YES_AGGRESSIVE;
				GCC_WARN_UNUSED_FUNCTION = YES;
				GCC_WARN_UNUSED_VARIABLE = YES;
				IPHONEOS_DEPLOYMENT_TARGET = 16.4;
				MTL_ENABLE_DEBUG_INFO = INCLUDE_SOURCE;
				MTL_FAST_MATH = YES;
				ONLY_ACTIVE_ARCH = YES;
				SDKROOT = iphoneos;
				SWIFT_ACTIVE_COMPILATION_CONDITIONS = DEBUG;
				SWIFT_OPTIMIZATION_LEVEL = "-Onone";
			};
			name = Debug;
		};
		4431C5A52A6199B7009C0C7A /* Release */ = {
			isa = XCBuildConfiguration;
			buildSettings = {
				ALWAYS_SEARCH_USER_PATHS = NO;
				CLANG_ANALYZER_NONNULL = YES;
				CLANG_ANALYZER_NUMBER_OBJECT_CONVERSION = YES_AGGRESSIVE;
				CLANG_CXX_LANGUAGE_STANDARD = "gnu++20";
				CLANG_ENABLE_MODULES = YES;
				CLANG_ENABLE_OBJC_ARC = YES;
				CLANG_ENABLE_OBJC_WEAK = YES;
				CLANG_WARN_BLOCK_CAPTURE_AUTORELEASING = YES;
				CLANG_WARN_BOOL_CONVERSION = YES;
				CLANG_WARN_COMMA = YES;
				CLANG_WARN_CONSTANT_CONVERSION = YES;
				CLANG_WARN_DEPRECATED_OBJC_IMPLEMENTATIONS = YES;
				CLANG_WARN_DIRECT_OBJC_ISA_USAGE = YES_ERROR;
				CLANG_WARN_DOCUMENTATION_COMMENTS = YES;
				CLANG_WARN_EMPTY_BODY = YES;
				CLANG_WARN_ENUM_CONVERSION = YES;
				CLANG_WARN_INFINITE_RECURSION = YES;
				CLANG_WARN_INT_CONVERSION = YES;
				CLANG_WARN_NON_LITERAL_NULL_CONVERSION = YES;
				CLANG_WARN_OBJC_IMPLICIT_RETAIN_SELF = YES;
				CLANG_WARN_OBJC_LITERAL_CONVERSION = YES;
				CLANG_WARN_OBJC_ROOT_CLASS = YES_ERROR;
				CLANG_WARN_QUOTED_INCLUDE_IN_FRAMEWORK_HEADER = YES;
				CLANG_WARN_RANGE_LOOP_ANALYSIS = YES;
				CLANG_WARN_STRICT_PROTOTYPES = YES;
				CLANG_WARN_SUSPICIOUS_MOVE = YES;
				CLANG_WARN_UNGUARDED_AVAILABILITY = YES_AGGRESSIVE;
				CLANG_WARN_UNREACHABLE_CODE = YES;
				CLANG_WARN__DUPLICATE_METHOD_MATCH = YES;
				COPY_PHASE_STRIP = NO;
				DEBUG_INFORMATION_FORMAT = "dwarf-with-dsym";
				ENABLE_NS_ASSERTIONS = NO;
				ENABLE_STRICT_OBJC_MSGSEND = YES;
				GCC_C_LANGUAGE_STANDARD = gnu11;
				GCC_NO_COMMON_BLOCKS = YES;
				GCC_WARN_64_TO_32_BIT_CONVERSION = YES;
				GCC_WARN_ABOUT_RETURN_TYPE = YES_ERROR;
				GCC_WARN_UNDECLARED_SELECTOR = YES;
				GCC_WARN_UNINITIALIZED_AUTOS = YES_AGGRESSIVE;
				GCC_WARN_UNUSED_FUNCTION = YES;
				GCC_WARN_UNUSED_VARIABLE = YES;
				IPHONEOS_DEPLOYMENT_TARGET = 16.4;
				MTL_ENABLE_DEBUG_INFO = NO;
				MTL_FAST_MATH = YES;
				SDKROOT = iphoneos;
				SWIFT_COMPILATION_MODE = wholemodule;
				SWIFT_OPTIMIZATION_LEVEL = "-O";
				VALIDATE_PRODUCT = YES;
			};
			name = Release;
		};
		4431C5A72A6199B7009C0C7A /* Debug */ = {
			isa = XCBuildConfiguration;
			buildSettings = {
				ASSETCATALOG_COMPILER_APPICON_NAME = AppIcon;
				ASSETCATALOG_COMPILER_GLOBAL_ACCENT_COLOR_NAME = AccentColor;
				CODE_SIGN_STYLE = Automatic;
				CURRENT_PROJECT_VERSION = 1;
				DEVELOPMENT_TEAM = L4LT8KYY7F;
				GENERATE_INFOPLIST_FILE = YES;
				INFOPLIST_FILE = OMDBFilm/Info.plist;
				INFOPLIST_KEY_UIApplicationSupportsIndirectInputEvents = YES;
				INFOPLIST_KEY_UILaunchScreen_Generation = NO;
				INFOPLIST_KEY_UILaunchStoryboardName = SplashScreen;
				INFOPLIST_KEY_UIMainStoryboardFile = Main;
				INFOPLIST_KEY_UISupportedInterfaceOrientations_iPad = "UIInterfaceOrientationPortrait UIInterfaceOrientationPortraitUpsideDown UIInterfaceOrientationLandscapeLeft UIInterfaceOrientationLandscapeRight";
				INFOPLIST_KEY_UISupportedInterfaceOrientations_iPhone = "UIInterfaceOrientationPortrait UIInterfaceOrientationLandscapeLeft UIInterfaceOrientationLandscapeRight";
				LD_RUNPATH_SEARCH_PATHS = (
					"$(inherited)",
					"@executable_path/Frameworks",
				);
				MARKETING_VERSION = 1.0;
				PRODUCT_BUNDLE_IDENTIFIER = emincelikkan.OMDBFilm;
				PRODUCT_NAME = "$(TARGET_NAME)";
				SWIFT_EMIT_LOC_STRINGS = YES;
				SWIFT_VERSION = 5.0;
				TARGETED_DEVICE_FAMILY = "1,2";
			};
			name = Debug;
		};
		4431C5A82A6199B7009C0C7A /* Release */ = {
			isa = XCBuildConfiguration;
			buildSettings = {
				ASSETCATALOG_COMPILER_APPICON_NAME = AppIcon;
				ASSETCATALOG_COMPILER_GLOBAL_ACCENT_COLOR_NAME = AccentColor;
				CODE_SIGN_STYLE = Automatic;
				CURRENT_PROJECT_VERSION = 1;
				DEVELOPMENT_TEAM = L4LT8KYY7F;
				GENERATE_INFOPLIST_FILE = YES;
				INFOPLIST_FILE = OMDBFilm/Info.plist;
				INFOPLIST_KEY_UIApplicationSupportsIndirectInputEvents = YES;
				INFOPLIST_KEY_UILaunchScreen_Generation = NO;
				INFOPLIST_KEY_UILaunchStoryboardName = SplashScreen;
				INFOPLIST_KEY_UIMainStoryboardFile = Main;
				INFOPLIST_KEY_UISupportedInterfaceOrientations_iPad = "UIInterfaceOrientationPortrait UIInterfaceOrientationPortraitUpsideDown UIInterfaceOrientationLandscapeLeft UIInterfaceOrientationLandscapeRight";
				INFOPLIST_KEY_UISupportedInterfaceOrientations_iPhone = "UIInterfaceOrientationPortrait UIInterfaceOrientationLandscapeLeft UIInterfaceOrientationLandscapeRight";
				LD_RUNPATH_SEARCH_PATHS = (
					"$(inherited)",
					"@executable_path/Frameworks",
				);
				MARKETING_VERSION = 1.0;
				PRODUCT_BUNDLE_IDENTIFIER = emincelikkan.OMDBFilm;
				PRODUCT_NAME = "$(TARGET_NAME)";
				SWIFT_EMIT_LOC_STRINGS = YES;
				SWIFT_VERSION = 5.0;
				TARGETED_DEVICE_FAMILY = "1,2";
			};
			name = Release;
		};
/* End XCBuildConfiguration section */

/* Begin XCConfigurationList section */
		4431C58D2A6199B7009C0C7A /* Build configuration list for PBXProject "OMDBFilm" */ = {
			isa = XCConfigurationList;
			buildConfigurations = (
				4431C5A42A6199B7009C0C7A /* Debug */,
				4431C5A52A6199B7009C0C7A /* Release */,
			);
			defaultConfigurationIsVisible = 0;
			defaultConfigurationName = Release;
		};
		4431C5A62A6199B7009C0C7A /* Build configuration list for PBXNativeTarget "OMDBFilm" */ = {
			isa = XCConfigurationList;
			buildConfigurations = (
				4431C5A72A6199B7009C0C7A /* Debug */,
				4431C5A82A6199B7009C0C7A /* Release */,
			);
			defaultConfigurationIsVisible = 0;
			defaultConfigurationName = Release;
		};
/* End XCConfigurationList section */

/* Begin XCRemoteSwiftPackageReference section */
		440EF7272A619D2D00A62A51 /* XCRemoteSwiftPackageReference "Alamofire" */ = {
			isa = XCRemoteSwiftPackageReference;
			repositoryURL = "https://github.com/Alamofire/Alamofire.git";
			requirement = {
				kind = upToNextMajorVersion;
				minimumVersion = 5.0.0;
			};
		};
/* End XCRemoteSwiftPackageReference section */

/* Begin XCSwiftPackageProductDependency section */
		440EF7282A619D2D00A62A51 /* Alamofire */ = {
			isa = XCSwiftPackageProductDependency;
			package = 440EF7272A619D2D00A62A51 /* XCRemoteSwiftPackageReference "Alamofire" */;
			productName = Alamofire;
		};
/* End XCSwiftPackageProductDependency section */
	};
	rootObject = 4431C58A2A6199B7009C0C7A /* Project object */;
}
