// !$*UTF8*$!
{
	archiveVersion = 1;
	classes = {
	};
	objectVersion = 56;
	objects = {

/* Begin PBXBuildFile section */
		440EF7292A619D2D00A62A51 /* Alamofire in Frameworks */ = {isa = PBXBuildFile; productRef = 440EF7282A619D2D00A62A51 /* Alamofire */; };
		440EF7322A619EE500A62A51 /* SplashScreen.storyboard in Resources */ = {isa = PBXBuildFile; fileRef = 440EF72B2A619EE500A62A51 /* SplashScreen.storyboard */; };
		440EF7332A619EE500A62A51 /* SplashScreenViewController.swift in Sources */ = {isa = PBXBuildFile; fileRef = 440EF72C2A619EE500A62A51 /* SplashScreenViewController.swift */; };
		440EF7342A619EE500A62A51 /* SplashScreenPresenter.swift in Sources */ = {isa = PBXBuildFile; fileRef = 440EF72D2A619EE500A62A51 /* SplashScreenPresenter.swift */; };
		440EF7352A619EE500A62A51 /* SplashScreenInteractor.swift in Sources */ = {isa = PBXBuildFile; fileRef = 440EF72E2A619EE500A62A51 /* SplashScreenInteractor.swift */; };
		440EF7362A619EE500A62A51 /* SplashScreenModels.swift in Sources */ = {isa = PBXBuildFile; fileRef = 440EF72F2A619EE500A62A51 /* SplashScreenModels.swift */; };
		440EF7372A619EE500A62A51 /* SplashScreenWorker.swift in Sources */ = {isa = PBXBuildFile; fileRef = 440EF7302A619EE500A62A51 /* SplashScreenWorker.swift */; };
		440EF7382A619EE500A62A51 /* SplashScreenRouter.swift in Sources */ = {isa = PBXBuildFile; fileRef = 440EF7312A619EE500A62A51 /* SplashScreenRouter.swift */; };
		440EF7412A61A27600A62A51 /* HomePage.storyboard in Resources */ = {isa = PBXBuildFile; fileRef = 440EF73A2A61A27600A62A51 /* HomePage.storyboard */; };
		440EF7422A61A27600A62A51 /* HomePageViewController.swift in Sources */ = {isa = PBXBuildFile; fileRef = 440EF73B2A61A27600A62A51 /* HomePageViewController.swift */; };
		440EF7432A61A27600A62A51 /* HomePagePresenter.swift in Sources */ = {isa = PBXBuildFile; fileRef = 440EF73C2A61A27600A62A51 /* HomePagePresenter.swift */; };
		440EF7442A61A27600A62A51 /* HomePageInteractor.swift in Sources */ = {isa = PBXBuildFile; fileRef = 440EF73D2A61A27600A62A51 /* HomePageInteractor.swift */; };
		440EF7452A61A27600A62A51 /* HomePageModels.swift in Sources */ = {isa = PBXBuildFile; fileRef = 440EF73E2A61A27600A62A51 /* HomePageModels.swift */; };
		440EF7462A61A27600A62A51 /* HomePageWorker.swift in Sources */ = {isa = PBXBuildFile; fileRef = 440EF73F2A61A27600A62A51 /* HomePageWorker.swift */; };
		440EF7472A61A27600A62A51 /* HomePageRouter.swift in Sources */ = {isa = PBXBuildFile; fileRef = 440EF7402A61A27600A62A51 /* HomePageRouter.swift */; };
		440EF7492A62035000A62A51 /* GoogleService-Info.plist in Resources */ = {isa = PBXBuildFile; fileRef = 440EF7482A62035000A62A51 /* GoogleService-Info.plist */; };
		440EF74C2A6203CE00A62A51 /* FirebaseAnalytics in Frameworks */ = {isa = PBXBuildFile; productRef = 440EF74B2A6203CE00A62A51 /* FirebaseAnalytics */; };
		440EF74E2A6203CE00A62A51 /* FirebaseAnalyticsOnDeviceConversion in Frameworks */ = {isa = PBXBuildFile; productRef = 440EF74D2A6203CE00A62A51 /* FirebaseAnalyticsOnDeviceConversion */; };
		440EF7502A6203CE00A62A51 /* FirebaseAnalyticsSwift in Frameworks */ = {isa = PBXBuildFile; productRef = 440EF74F2A6203CE00A62A51 /* FirebaseAnalyticsSwift */; };
		440EF7522A6203CE00A62A51 /* FirebaseAnalyticsWithoutAdIdSupport in Frameworks */ = {isa = PBXBuildFile; productRef = 440EF7512A6203CE00A62A51 /* FirebaseAnalyticsWithoutAdIdSupport */; };
		440EF7582A6203CE00A62A51 /* FirebaseAuth in Frameworks */ = {isa = PBXBuildFile; productRef = 440EF7572A6203CE00A62A51 /* FirebaseAuth */; };
		440EF75C2A6203CE00A62A51 /* FirebaseCrashlytics in Frameworks */ = {isa = PBXBuildFile; productRef = 440EF75B2A6203CE00A62A51 /* FirebaseCrashlytics */; };
		440EF7642A6203CE00A62A51 /* FirebaseFirestore in Frameworks */ = {isa = PBXBuildFile; productRef = 440EF7632A6203CE00A62A51 /* FirebaseFirestore */; };
		440EF76A2A6203CE00A62A51 /* FirebaseFunctions in Frameworks */ = {isa = PBXBuildFile; productRef = 440EF7692A6203CE00A62A51 /* FirebaseFunctions */; };
		440EF77A2A6203CE00A62A51 /* FirebaseRemoteConfig in Frameworks */ = {isa = PBXBuildFile; productRef = 440EF7792A6203CE00A62A51 /* FirebaseRemoteConfig */; };
		440EF77C2A6203CE00A62A51 /* FirebaseRemoteConfigSwift in Frameworks */ = {isa = PBXBuildFile; productRef = 440EF77B2A6203CE00A62A51 /* FirebaseRemoteConfigSwift */; };
		440EF7802A6203CE00A62A51 /* FirebaseStorageCombine-Community in Frameworks */ = {isa = PBXBuildFile; productRef = 440EF77F2A6203CE00A62A51 /* FirebaseStorageCombine-Community */; };
		440EF7862A62B5BA00A62A51 /* FilmsTableViewCell.swift in Sources */ = {isa = PBXBuildFile; fileRef = 440EF7842A62B5BA00A62A51 /* FilmsTableViewCell.swift */; };
		440EF7872A62B5BA00A62A51 /* FilmsTableViewCell.xib in Resources */ = {isa = PBXBuildFile; fileRef = 440EF7852A62B5BA00A62A51 /* FilmsTableViewCell.xib */; };
		440EF78A2A62BDC000A62A51 /* Lottie in Frameworks */ = {isa = PBXBuildFile; productRef = 440EF7892A62BDC000A62A51 /* Lottie */; };
		440EF78C2A62BE2A00A62A51 /* popcornAnimation.json in Resources */ = {isa = PBXBuildFile; fileRef = 440EF78B2A62BE2A00A62A51 /* popcornAnimation.json */; };
		440EF7902A62D27000A62A51 /* FilmResponse.swift in Sources */ = {isa = PBXBuildFile; fileRef = 440EF78F2A62D27000A62A51 /* FilmResponse.swift */; };
		440EF7932A62E3BC00A62A51 /* AlamofireImage in Frameworks */ = {isa = PBXBuildFile; productRef = 440EF7922A62E3BC00A62A51 /* AlamofireImage */; };
		440EF79D2A6313B800A62A51 /* FilmDetail.storyboard in Resources */ = {isa = PBXBuildFile; fileRef = 440EF7962A6313B800A62A51 /* FilmDetail.storyboard */; };
		440EF79E2A6313B800A62A51 /* FilmDetailViewController.swift in Sources */ = {isa = PBXBuildFile; fileRef = 440EF7972A6313B800A62A51 /* FilmDetailViewController.swift */; };
		440EF79F2A6313B800A62A51 /* FilmDetailPresenter.swift in Sources */ = {isa = PBXBuildFile; fileRef = 440EF7982A6313B800A62A51 /* FilmDetailPresenter.swift */; };
		440EF7A02A6313B800A62A51 /* FilmDetailInteractor.swift in Sources */ = {isa = PBXBuildFile; fileRef = 440EF7992A6313B800A62A51 /* FilmDetailInteractor.swift */; };
		440EF7A12A6313B800A62A51 /* FilmDetailModels.swift in Sources */ = {isa = PBXBuildFile; fileRef = 440EF79A2A6313B800A62A51 /* FilmDetailModels.swift */; };
		440EF7A22A6313B800A62A51 /* FilmDetailWorker.swift in Sources */ = {isa = PBXBuildFile; fileRef = 440EF79B2A6313B800A62A51 /* FilmDetailWorker.swift */; };
		440EF7A32A6313B800A62A51 /* FilmDetailRouter.swift in Sources */ = {isa = PBXBuildFile; fileRef = 440EF79C2A6313B800A62A51 /* FilmDetailRouter.swift */; };
		443146A52A64756E002B44BB /* HomePageViewControllerTests.swift in Sources */ = {isa = PBXBuildFile; fileRef = 443146A42A64756E002B44BB /* HomePageViewControllerTests.swift */; };
		443146A82A647663002B44BB /* FirebaseRemoteConfig in Frameworks */ = {isa = PBXBuildFile; productRef = 443146A72A647663002B44BB /* FirebaseRemoteConfig */; };
		4431C5962A6199B7009C0C7A /* AppDelegate.swift in Sources */ = {isa = PBXBuildFile; fileRef = 4431C5952A6199B7009C0C7A /* AppDelegate.swift */; };
		4431C5982A6199B7009C0C7A /* SceneDelegate.swift in Sources */ = {isa = PBXBuildFile; fileRef = 4431C5972A6199B7009C0C7A /* SceneDelegate.swift */; };
		4431C59D2A6199B7009C0C7A /* Main.storyboard in Resources */ = {isa = PBXBuildFile; fileRef = 4431C59B2A6199B7009C0C7A /* Main.storyboard */; };
		4431C59F2A6199B7009C0C7A /* Assets.xcassets in Resources */ = {isa = PBXBuildFile; fileRef = 4431C59E2A6199B7009C0C7A /* Assets.xcassets */; };
		4431C5A22A6199B7009C0C7A /* LaunchScreen.storyboard in Resources */ = {isa = PBXBuildFile; fileRef = 4431C5A02A6199B7009C0C7A /* LaunchScreen.storyboard */; };
		4489553E2A654AB3000CF714 /* FilmDetailViewControllerTest.swift in Sources */ = {isa = PBXBuildFile; fileRef = 4489553D2A654AB3000CF714 /* FilmDetailViewControllerTest.swift */; };
		448955412A65507C000CF714 /* Alamofire in Frameworks */ = {isa = PBXBuildFile; productRef = 448955402A65507C000CF714 /* Alamofire */; };
		448955432A655088000CF714 /* FirebaseAnalytics in Frameworks */ = {isa = PBXBuildFile; productRef = 448955422A655088000CF714 /* FirebaseAnalytics */; };
		448955452A655094000CF714 /* AlamofireImage in Frameworks */ = {isa = PBXBuildFile; productRef = 448955442A655094000CF714 /* AlamofireImage */; };
		448955472A6550A0000CF714 /* FirebaseRemoteConfigSwift in Frameworks */ = {isa = PBXBuildFile; productRef = 448955462A6550A0000CF714 /* FirebaseRemoteConfigSwift */; };
		448955492A6550A6000CF714 /* FirebaseAnalyticsSwift in Frameworks */ = {isa = PBXBuildFile; productRef = 448955482A6550A6000CF714 /* FirebaseAnalyticsSwift */; };
/* End PBXBuildFile section */

/* Begin PBXContainerItemProxy section */
		4431469F2A647519002B44BB /* PBXContainerItemProxy */ = {
			isa = PBXContainerItemProxy;
			containerPortal = 4431C58A2A6199B7009C0C7A /* Project object */;
			proxyType = 1;
			remoteGlobalIDString = 4431C5912A6199B7009C0C7A;
			remoteInfo = OMDBFilm;
		};
/* End PBXContainerItemProxy section */

/* Begin PBXFileReference section */
		440EF72B2A619EE500A62A51 /* SplashScreen.storyboard */ = {isa = PBXFileReference; lastKnownFileType = file.storyboard; path = SplashScreen.storyboard; sourceTree = "<group>"; };
		440EF72C2A619EE500A62A51 /* SplashScreenViewController.swift */ = {isa = PBXFileReference; lastKnownFileType = sourcecode.swift; path = SplashScreenViewController.swift; sourceTree = "<group>"; };
		440EF72D2A619EE500A62A51 /* SplashScreenPresenter.swift */ = {isa = PBXFileReference; lastKnownFileType = sourcecode.swift; path = SplashScreenPresenter.swift; sourceTree = "<group>"; };
		440EF72E2A619EE500A62A51 /* SplashScreenInteractor.swift */ = {isa = PBXFileReference; lastKnownFileType = sourcecode.swift; path = SplashScreenInteractor.swift; sourceTree = "<group>"; };
		440EF72F2A619EE500A62A51 /* SplashScreenModels.swift */ = {isa = PBXFileReference; lastKnownFileType = sourcecode.swift; path = SplashScreenModels.swift; sourceTree = "<group>"; };
		440EF7302A619EE500A62A51 /* SplashScreenWorker.swift */ = {isa = PBXFileReference; lastKnownFileType = sourcecode.swift; path = SplashScreenWorker.swift; sourceTree = "<group>"; };
		440EF7312A619EE500A62A51 /* SplashScreenRouter.swift */ = {isa = PBXFileReference; lastKnownFileType = sourcecode.swift; path = SplashScreenRouter.swift; sourceTree = "<group>"; };
		440EF73A2A61A27600A62A51 /* HomePage.storyboard */ = {isa = PBXFileReference; lastKnownFileType = file.storyboard; path = HomePage.storyboard; sourceTree = "<group>"; };
		440EF73B2A61A27600A62A51 /* HomePageViewController.swift */ = {isa = PBXFileReference; lastKnownFileType = sourcecode.swift; path = HomePageViewController.swift; sourceTree = "<group>"; };
		440EF73C2A61A27600A62A51 /* HomePagePresenter.swift */ = {isa = PBXFileReference; lastKnownFileType = sourcecode.swift; path = HomePagePresenter.swift; sourceTree = "<group>"; };
		440EF73D2A61A27600A62A51 /* HomePageInteractor.swift */ = {isa = PBXFileReference; lastKnownFileType = sourcecode.swift; path = HomePageInteractor.swift; sourceTree = "<group>"; };
		440EF73E2A61A27600A62A51 /* HomePageModels.swift */ = {isa = PBXFileReference; lastKnownFileType = sourcecode.swift; path = HomePageModels.swift; sourceTree = "<group>"; };
		440EF73F2A61A27600A62A51 /* HomePageWorker.swift */ = {isa = PBXFileReference; lastKnownFileType = sourcecode.swift; path = HomePageWorker.swift; sourceTree = "<group>"; };
		440EF7402A61A27600A62A51 /* HomePageRouter.swift */ = {isa = PBXFileReference; lastKnownFileType = sourcecode.swift; path = HomePageRouter.swift; sourceTree = "<group>"; };
		440EF7482A62035000A62A51 /* GoogleService-Info.plist */ = {isa = PBXFileReference; fileEncoding = 4; lastKnownFileType = text.plist.xml; path = "GoogleService-Info.plist"; sourceTree = "<group>"; };
		440EF7842A62B5BA00A62A51 /* FilmsTableViewCell.swift */ = {isa = PBXFileReference; lastKnownFileType = sourcecode.swift; path = FilmsTableViewCell.swift; sourceTree = "<group>"; };
		440EF7852A62B5BA00A62A51 /* FilmsTableViewCell.xib */ = {isa = PBXFileReference; lastKnownFileType = file.xib; path = FilmsTableViewCell.xib; sourceTree = "<group>"; };
		440EF78B2A62BE2A00A62A51 /* popcornAnimation.json */ = {isa = PBXFileReference; fileEncoding = 4; lastKnownFileType = text.json; path = popcornAnimation.json; sourceTree = "<group>"; };
		440EF78F2A62D27000A62A51 /* FilmResponse.swift */ = {isa = PBXFileReference; lastKnownFileType = sourcecode.swift; path = FilmResponse.swift; sourceTree = "<group>"; };
		440EF7962A6313B800A62A51 /* FilmDetail.storyboard */ = {isa = PBXFileReference; lastKnownFileType = file.storyboard; path = FilmDetail.storyboard; sourceTree = "<group>"; };
		440EF7972A6313B800A62A51 /* FilmDetailViewController.swift */ = {isa = PBXFileReference; lastKnownFileType = sourcecode.swift; path = FilmDetailViewController.swift; sourceTree = "<group>"; };
		440EF7982A6313B800A62A51 /* FilmDetailPresenter.swift */ = {isa = PBXFileReference; lastKnownFileType = sourcecode.swift; path = FilmDetailPresenter.swift; sourceTree = "<group>"; };
		440EF7992A6313B800A62A51 /* FilmDetailInteractor.swift */ = {isa = PBXFileReference; lastKnownFileType = sourcecode.swift; path = FilmDetailInteractor.swift; sourceTree = "<group>"; };
		440EF79A2A6313B800A62A51 /* FilmDetailModels.swift */ = {isa = PBXFileReference; lastKnownFileType = sourcecode.swift; path = FilmDetailModels.swift; sourceTree = "<group>"; };
		440EF79B2A6313B800A62A51 /* FilmDetailWorker.swift */ = {isa = PBXFileReference; lastKnownFileType = sourcecode.swift; path = FilmDetailWorker.swift; sourceTree = "<group>"; };
		440EF79C2A6313B800A62A51 /* FilmDetailRouter.swift */ = {isa = PBXFileReference; lastKnownFileType = sourcecode.swift; path = FilmDetailRouter.swift; sourceTree = "<group>"; };
		4431469B2A647519002B44BB /* OMDBFilmTests.xctest */ = {isa = PBXFileReference; explicitFileType = wrapper.cfbundle; includeInIndex = 0; path = OMDBFilmTests.xctest; sourceTree = BUILT_PRODUCTS_DIR; };
		443146A42A64756E002B44BB /* HomePageViewControllerTests.swift */ = {isa = PBXFileReference; lastKnownFileType = sourcecode.swift; path = HomePageViewControllerTests.swift; sourceTree = "<group>"; };
		4431C5922A6199B7009C0C7A /* OMDBFilm.app */ = {isa = PBXFileReference; explicitFileType = wrapper.application; includeInIndex = 0; path = OMDBFilm.app; sourceTree = BUILT_PRODUCTS_DIR; };
		4431C5952A6199B7009C0C7A /* AppDelegate.swift */ = {isa = PBXFileReference; lastKnownFileType = sourcecode.swift; path = AppDelegate.swift; sourceTree = "<group>"; };
		4431C5972A6199B7009C0C7A /* SceneDelegate.swift */ = {isa = PBXFileReference; lastKnownFileType = sourcecode.swift; path = SceneDelegate.swift; sourceTree = "<group>"; };
		4431C59C2A6199B7009C0C7A /* Base */ = {isa = PBXFileReference; lastKnownFileType = file.storyboard; name = Base; path = Base.lproj/Main.storyboard; sourceTree = "<group>"; };
		4431C59E2A6199B7009C0C7A /* Assets.xcassets */ = {isa = PBXFileReference; lastKnownFileType = folder.assetcatalog; path = Assets.xcassets; sourceTree = "<group>"; };
		4431C5A12A6199B7009C0C7A /* Base */ = {isa = PBXFileReference; lastKnownFileType = file.storyboard; name = Base; path = Base.lproj/LaunchScreen.storyboard; sourceTree = "<group>"; };
		4431C5A32A6199B7009C0C7A /* Info.plist */ = {isa = PBXFileReference; lastKnownFileType = text.plist.xml; path = Info.plist; sourceTree = "<group>"; };
		4489553D2A654AB3000CF714 /* FilmDetailViewControllerTest.swift */ = {isa = PBXFileReference; lastKnownFileType = sourcecode.swift; path = FilmDetailViewControllerTest.swift; sourceTree = "<group>"; };
		4489554A2A655200000CF714 /* OMDBFilm.xctestplan */ = {isa = PBXFileReference; lastKnownFileType = text; path = OMDBFilm.xctestplan; sourceTree = "<group>"; };
/* End PBXFileReference section */

/* Begin PBXFrameworksBuildPhase section */
		443146982A647519002B44BB /* Frameworks */ = {
			isa = PBXFrameworksBuildPhase;
			buildActionMask = 2147483647;
			files = (
				448955492A6550A6000CF714 /* FirebaseAnalyticsSwift in Frameworks */,
				443146A82A647663002B44BB /* FirebaseRemoteConfig in Frameworks */,
				448955452A655094000CF714 /* AlamofireImage in Frameworks */,
				448955472A6550A0000CF714 /* FirebaseRemoteConfigSwift in Frameworks */,
				448955412A65507C000CF714 /* Alamofire in Frameworks */,
				448955432A655088000CF714 /* FirebaseAnalytics in Frameworks */,
			);
			runOnlyForDeploymentPostprocessing = 0;
		};
		4431C58F2A6199B7009C0C7A /* Frameworks */ = {
			isa = PBXFrameworksBuildPhase;
			buildActionMask = 2147483647;
			files = (
				440EF76A2A6203CE00A62A51 /* FirebaseFunctions in Frameworks */,
				440EF7502A6203CE00A62A51 /* FirebaseAnalyticsSwift in Frameworks */,
				440EF78A2A62BDC000A62A51 /* Lottie in Frameworks */,
				440EF7522A6203CE00A62A51 /* FirebaseAnalyticsWithoutAdIdSupport in Frameworks */,
				440EF74C2A6203CE00A62A51 /* FirebaseAnalytics in Frameworks */,
				440EF74E2A6203CE00A62A51 /* FirebaseAnalyticsOnDeviceConversion in Frameworks */,
				440EF7932A62E3BC00A62A51 /* AlamofireImage in Frameworks */,
				440EF75C2A6203CE00A62A51 /* FirebaseCrashlytics in Frameworks */,
				440EF77A2A6203CE00A62A51 /* FirebaseRemoteConfig in Frameworks */,
				440EF7802A6203CE00A62A51 /* FirebaseStorageCombine-Community in Frameworks */,
				440EF7292A619D2D00A62A51 /* Alamofire in Frameworks */,
				440EF7582A6203CE00A62A51 /* FirebaseAuth in Frameworks */,
				440EF7642A6203CE00A62A51 /* FirebaseFirestore in Frameworks */,
				440EF77C2A6203CE00A62A51 /* FirebaseRemoteConfigSwift in Frameworks */,
			);
			runOnlyForDeploymentPostprocessing = 0;
		};
/* End PBXFrameworksBuildPhase section */

/* Begin PBXGroup section */
		440EF72A2A619EC900A62A51 /* Splash */ = {
			isa = PBXGroup;
			children = (
				440EF72B2A619EE500A62A51 /* SplashScreen.storyboard */,
				440EF72C2A619EE500A62A51 /* SplashScreenViewController.swift */,
				440EF72D2A619EE500A62A51 /* SplashScreenPresenter.swift */,
				440EF72E2A619EE500A62A51 /* SplashScreenInteractor.swift */,
				440EF72F2A619EE500A62A51 /* SplashScreenModels.swift */,
				440EF7302A619EE500A62A51 /* SplashScreenWorker.swift */,
				440EF7312A619EE500A62A51 /* SplashScreenRouter.swift */,
			);
			path = Splash;
			sourceTree = "<group>";
		};
		440EF7392A61A26200A62A51 /* HomePage */ = {
			isa = PBXGroup;
			children = (
				440EF7812A62B58A00A62A51 /* Cell */,
				440EF73A2A61A27600A62A51 /* HomePage.storyboard */,
				440EF73B2A61A27600A62A51 /* HomePageViewController.swift */,
				440EF73C2A61A27600A62A51 /* HomePagePresenter.swift */,
				440EF73D2A61A27600A62A51 /* HomePageInteractor.swift */,
				440EF73E2A61A27600A62A51 /* HomePageModels.swift */,
				440EF73F2A61A27600A62A51 /* HomePageWorker.swift */,
				440EF7402A61A27600A62A51 /* HomePageRouter.swift */,
			);
			path = HomePage;
			sourceTree = "<group>";
		};
		440EF7812A62B58A00A62A51 /* Cell */ = {
			isa = PBXGroup;
			children = (
				440EF7842A62B5BA00A62A51 /* FilmsTableViewCell.swift */,
				440EF7852A62B5BA00A62A51 /* FilmsTableViewCell.xib */,
			);
			path = Cell;
			sourceTree = "<group>";
		};
		440EF78D2A62D24D00A62A51 /* Networking */ = {
			isa = PBXGroup;
			children = (
				440EF78E2A62D25500A62A51 /* Response */,
			);
			path = Networking;
			sourceTree = "<group>";
		};
		440EF78E2A62D25500A62A51 /* Response */ = {
			isa = PBXGroup;
			children = (
				440EF78F2A62D27000A62A51 /* FilmResponse.swift */,
			);
			path = Response;
			sourceTree = "<group>";
		};
		440EF7942A63138300A62A51 /* FilmDetail */ = {
			isa = PBXGroup;
			children = (
				440EF7962A6313B800A62A51 /* FilmDetail.storyboard */,
				440EF7972A6313B800A62A51 /* FilmDetailViewController.swift */,
				440EF7982A6313B800A62A51 /* FilmDetailPresenter.swift */,
				440EF7992A6313B800A62A51 /* FilmDetailInteractor.swift */,
				440EF79A2A6313B800A62A51 /* FilmDetailModels.swift */,
				440EF79B2A6313B800A62A51 /* FilmDetailWorker.swift */,
				440EF79C2A6313B800A62A51 /* FilmDetailRouter.swift */,
			);
			path = FilmDetail;
			sourceTree = "<group>";
		};
		440EF7952A63139300A62A51 /* Scenes */ = {
			isa = PBXGroup;
			children = (
				440EF72A2A619EC900A62A51 /* Splash */,
				440EF7392A61A26200A62A51 /* HomePage */,
				440EF7942A63138300A62A51 /* FilmDetail */,
			);
			path = Scenes;
			sourceTree = "<group>";
		};
		443146922A6471B9002B44BB /* Tests */ = {
			isa = PBXGroup;
			children = (
				443146952A647278002B44BB /* Scenes */,
			);
			path = Tests;
			sourceTree = "<group>";
		};
		443146952A647278002B44BB /* Scenes */ = {
			isa = PBXGroup;
			children = (
				4489553F2A654AC5000CF714 /* FilmDetail */,
				443146962A647286002B44BB /* HomePage */,
			);
			path = Scenes;
			sourceTree = "<group>";
		};
		443146962A647286002B44BB /* HomePage */ = {
			isa = PBXGroup;
			children = (
				443146A42A64756E002B44BB /* HomePageViewControllerTests.swift */,
			);
			path = HomePage;
			sourceTree = "<group>";
		};
		4431469C2A647519002B44BB /* OMDBFilmTests */ = {
			isa = PBXGroup;
			children = (
				443146922A6471B9002B44BB /* Tests */,
			);
			path = OMDBFilmTests;
			sourceTree = "<group>";
		};
		443146A62A647663002B44BB /* Frameworks */ = {
			isa = PBXGroup;
			children = (
			);
			name = Frameworks;
			sourceTree = "<group>";
		};
		4431C5892A6199B7009C0C7A = {
			isa = PBXGroup;
			children = (
				4489554A2A655200000CF714 /* OMDBFilm.xctestplan */,
				4431C5942A6199B7009C0C7A /* OMDBFilm */,
				440EF7482A62035000A62A51 /* GoogleService-Info.plist */,
				4431469C2A647519002B44BB /* OMDBFilmTests */,
				4431C5932A6199B7009C0C7A /* Products */,
				443146A62A647663002B44BB /* Frameworks */,
			);
			sourceTree = "<group>";
		};
		4431C5932A6199B7009C0C7A /* Products */ = {
			isa = PBXGroup;
			children = (
				4431C5922A6199B7009C0C7A /* OMDBFilm.app */,
				4431469B2A647519002B44BB /* OMDBFilmTests.xctest */,
			);
			name = Products;
			sourceTree = "<group>";
		};
		4431C5942A6199B7009C0C7A /* OMDBFilm */ = {
			isa = PBXGroup;
			children = (
				440EF7952A63139300A62A51 /* Scenes */,
				440EF78D2A62D24D00A62A51 /* Networking */,
				4431C5952A6199B7009C0C7A /* AppDelegate.swift */,
				4431C5972A6199B7009C0C7A /* SceneDelegate.swift */,
				4431C59B2A6199B7009C0C7A /* Main.storyboard */,
				4431C59E2A6199B7009C0C7A /* Assets.xcassets */,
				4431C5A02A6199B7009C0C7A /* LaunchScreen.storyboard */,
				4431C5A32A6199B7009C0C7A /* Info.plist */,
				440EF78B2A62BE2A00A62A51 /* popcornAnimation.json */,
			);
			path = OMDBFilm;
			sourceTree = "<group>";
		};
		4489553F2A654AC5000CF714 /* FilmDetail */ = {
			isa = PBXGroup;
			children = (
				4489553D2A654AB3000CF714 /* FilmDetailViewControllerTest.swift */,
			);
			path = FilmDetail;
			sourceTree = "<group>";
		};
/* End PBXGroup section */

/* Begin PBXNativeTarget section */
		4431469A2A647519002B44BB /* OMDBFilmTests */ = {
			isa = PBXNativeTarget;
			buildConfigurationList = 443146A12A647519002B44BB /* Build configuration list for PBXNativeTarget "OMDBFilmTests" */;
			buildPhases = (
				443146972A647519002B44BB /* Sources */,
				443146982A647519002B44BB /* Frameworks */,
				443146992A647519002B44BB /* Resources */,
			);
			buildRules = (
			);
			dependencies = (
				443146A02A647519002B44BB /* PBXTargetDependency */,
			);
			name = OMDBFilmTests;
			packageProductDependencies = (
				443146A72A647663002B44BB /* FirebaseRemoteConfig */,
				448955402A65507C000CF714 /* Alamofire */,
				448955422A655088000CF714 /* FirebaseAnalytics */,
				448955442A655094000CF714 /* AlamofireImage */,
				448955462A6550A0000CF714 /* FirebaseRemoteConfigSwift */,
				448955482A6550A6000CF714 /* FirebaseAnalyticsSwift */,
			);
			productName = OMDBFilmTests;
			productReference = 4431469B2A647519002B44BB /* OMDBFilmTests.xctest */;
			productType = "com.apple.product-type.bundle.unit-test";
		};
		4431C5912A6199B7009C0C7A /* OMDBFilm */ = {
			isa = PBXNativeTarget;
			buildConfigurationList = 4431C5A62A6199B7009C0C7A /* Build configuration list for PBXNativeTarget "OMDBFilm" */;
			buildPhases = (
				4431C58E2A6199B7009C0C7A /* Sources */,
				4431C58F2A6199B7009C0C7A /* Frameworks */,
				4431C5902A6199B7009C0C7A /* Resources */,
			);
			buildRules = (
			);
			dependencies = (
			);
			name = OMDBFilm;
			packageProductDependencies = (
				440EF7282A619D2D00A62A51 /* Alamofire */,
				440EF74B2A6203CE00A62A51 /* FirebaseAnalytics */,
				440EF74D2A6203CE00A62A51 /* FirebaseAnalyticsOnDeviceConversion */,
				440EF74F2A6203CE00A62A51 /* FirebaseAnalyticsSwift */,
				440EF7512A6203CE00A62A51 /* FirebaseAnalyticsWithoutAdIdSupport */,
				440EF7572A6203CE00A62A51 /* FirebaseAuth */,
				440EF75B2A6203CE00A62A51 /* FirebaseCrashlytics */,
				440EF7632A6203CE00A62A51 /* FirebaseFirestore */,
				440EF7692A6203CE00A62A51 /* FirebaseFunctions */,
				440EF7792A6203CE00A62A51 /* FirebaseRemoteConfig */,
				440EF77B2A6203CE00A62A51 /* FirebaseRemoteConfigSwift */,
				440EF77F2A6203CE00A62A51 /* FirebaseStorageCombine-Community */,
				440EF7892A62BDC000A62A51 /* Lottie */,
				440EF7922A62E3BC00A62A51 /* AlamofireImage */,
			);
			productName = OMDBFilm;
			productReference = 4431C5922A6199B7009C0C7A /* OMDBFilm.app */;
			productType = "com.apple.product-type.application";
		};
/* End PBXNativeTarget section */

/* Begin PBXProject section */
		4431C58A2A6199B7009C0C7A /* Project object */ = {
			isa = PBXProject;
			attributes = {
				BuildIndependentTargetsInParallel = 1;
				LastSwiftUpdateCheck = 1430;
				LastUpgradeCheck = 1430;
				TargetAttributes = {
					4431469A2A647519002B44BB = {
						CreatedOnToolsVersion = 14.3;
						TestTargetID = 4431C5912A6199B7009C0C7A;
					};
					4431C5912A6199B7009C0C7A = {
						CreatedOnToolsVersion = 14.3;
					};
				};
			};
			buildConfigurationList = 4431C58D2A6199B7009C0C7A /* Build configuration list for PBXProject "OMDBFilm" */;
			compatibilityVersion = "Xcode 14.0";
			developmentRegion = en;
			hasScannedForEncodings = 0;
			knownRegions = (
				en,
				Base,
			);
			mainGroup = 4431C5892A6199B7009C0C7A;
			packageReferences = (
				440EF7272A619D2D00A62A51 /* XCRemoteSwiftPackageReference "Alamofire" */,
				440EF74A2A6203CE00A62A51 /* XCRemoteSwiftPackageReference "firebase-ios-sdk" */,
				440EF7882A62BDC000A62A51 /* XCRemoteSwiftPackageReference "lottie-ios" */,
				440EF7912A62E3BC00A62A51 /* XCRemoteSwiftPackageReference "AlamofireImage" */,
			);
			productRefGroup = 4431C5932A6199B7009C0C7A /* Products */;
			projectDirPath = "";
			projectRoot = "";
			targets = (
				4431C5912A6199B7009C0C7A /* OMDBFilm */,
				4431469A2A647519002B44BB /* OMDBFilmTests */,
			);
		};
/* End PBXProject section */

/* Begin PBXResourcesBuildPhase section */
		443146992A647519002B44BB /* Resources */ = {
			isa = PBXResourcesBuildPhase;
			buildActionMask = 2147483647;
			files = (
			);
			runOnlyForDeploymentPostprocessing = 0;
		};
		4431C5902A6199B7009C0C7A /* Resources */ = {
			isa = PBXResourcesBuildPhase;
			buildActionMask = 2147483647;
			files = (
				440EF7412A61A27600A62A51 /* HomePage.storyboard in Resources */,
				4431C5A22A6199B7009C0C7A /* LaunchScreen.storyboard in Resources */,
				440EF79D2A6313B800A62A51 /* FilmDetail.storyboard in Resources */,
				440EF7322A619EE500A62A51 /* SplashScreen.storyboard in Resources */,
				4431C59F2A6199B7009C0C7A /* Assets.xcassets in Resources */,
				440EF78C2A62BE2A00A62A51 /* popcornAnimation.json in Resources */,
				4431C59D2A6199B7009C0C7A /* Main.storyboard in Resources */,
				440EF7872A62B5BA00A62A51 /* FilmsTableViewCell.xib in Resources */,
				440EF7492A62035000A62A51 /* GoogleService-Info.plist in Resources */,
			);
			runOnlyForDeploymentPostprocessing = 0;
		};
/* End PBXResourcesBuildPhase section */

/* Begin PBXSourcesBuildPhase section */
		443146972A647519002B44BB /* Sources */ = {
			isa = PBXSourcesBuildPhase;
			buildActionMask = 2147483647;
			files = (
				443146A52A64756E002B44BB /* HomePageViewControllerTests.swift in Sources */,
				4489553E2A654AB3000CF714 /* FilmDetailViewControllerTest.swift in Sources */,
			);
			runOnlyForDeploymentPostprocessing = 0;
		};
		4431C58E2A6199B7009C0C7A /* Sources */ = {
			isa = PBXSourcesBuildPhase;
			buildActionMask = 2147483647;
			files = (
				440EF7A32A6313B800A62A51 /* FilmDetailRouter.swift in Sources */,
				440EF7442A61A27600A62A51 /* HomePageInteractor.swift in Sources */,
				440EF7862A62B5BA00A62A51 /* FilmsTableViewCell.swift in Sources */,
				440EF7452A61A27600A62A51 /* HomePageModels.swift in Sources */,
				440EF79E2A6313B800A62A51 /* FilmDetailViewController.swift in Sources */,
				440EF7372A619EE500A62A51 /* SplashScreenWorker.swift in Sources */,
				440EF7342A619EE500A62A51 /* SplashScreenPresenter.swift in Sources */,
				440EF7382A619EE500A62A51 /* SplashScreenRouter.swift in Sources */,
				440EF7352A619EE500A62A51 /* SplashScreenInteractor.swift in Sources */,
				440EF7A12A6313B800A62A51 /* FilmDetailModels.swift in Sources */,
				440EF79F2A6313B800A62A51 /* FilmDetailPresenter.swift in Sources */,
				440EF7462A61A27600A62A51 /* HomePageWorker.swift in Sources */,
				4431C5962A6199B7009C0C7A /* AppDelegate.swift in Sources */,
				440EF7362A619EE500A62A51 /* SplashScreenModels.swift in Sources */,
				440EF7A22A6313B800A62A51 /* FilmDetailWorker.swift in Sources */,
				440EF7902A62D27000A62A51 /* FilmResponse.swift in Sources */,
				440EF7332A619EE500A62A51 /* SplashScreenViewController.swift in Sources */,
				440EF7422A61A27600A62A51 /* HomePageViewController.swift in Sources */,
				440EF7432A61A27600A62A51 /* HomePagePresenter.swift in Sources */,
				440EF7472A61A27600A62A51 /* HomePageRouter.swift in Sources */,
				4431C5982A6199B7009C0C7A /* SceneDelegate.swift in Sources */,
				440EF7A02A6313B800A62A51 /* FilmDetailInteractor.swift in Sources */,
			);
			runOnlyForDeploymentPostprocessing = 0;
		};
/* End PBXSourcesBuildPhase section */

/* Begin PBXTargetDependency section */
		443146A02A647519002B44BB /* PBXTargetDependency */ = {
			isa = PBXTargetDependency;
			target = 4431C5912A6199B7009C0C7A /* OMDBFilm */;
			targetProxy = 4431469F2A647519002B44BB /* PBXContainerItemProxy */;
		};
/* End PBXTargetDependency section */

/* Begin PBXVariantGroup section */
		4431C59B2A6199B7009C0C7A /* Main.storyboard */ = {
			isa = PBXVariantGroup;
			children = (
				4431C59C2A6199B7009C0C7A /* Base */,
			);
			name = Main.storyboard;
			sourceTree = "<group>";
		};
		4431C5A02A6199B7009C0C7A /* LaunchScreen.storyboard */ = {
			isa = PBXVariantGroup;
			children = (
				4431C5A12A6199B7009C0C7A /* Base */,
			);
			name = LaunchScreen.storyboard;
			sourceTree = "<group>";
		};
/* End PBXVariantGroup section */

/* Begin XCBuildConfiguration section */
		443146A22A647519002B44BB /* Debug */ = {
			isa = XCBuildConfiguration;
			buildSettings = {
				BUNDLE_LOADER = "$(TEST_HOST)";
				CODE_SIGN_STYLE = Automatic;
				CURRENT_PROJECT_VERSION = 1;
				DEVELOPMENT_TEAM = L4LT8KYY7F;
				GENERATE_INFOPLIST_FILE = YES;
				MARKETING_VERSION = 1.0;
				PRODUCT_BUNDLE_IDENTIFIER = emincelikkan.OMDBFilmTests;
				PRODUCT_NAME = "$(TARGET_NAME)";
				SWIFT_EMIT_LOC_STRINGS = NO;
				SWIFT_VERSION = 5.0;
				TARGETED_DEVICE_FAMILY = "1,2";
				TEST_HOST = "$(BUILT_PRODUCTS_DIR)/OMDBFilm.app/$(BUNDLE_EXECUTABLE_FOLDER_PATH)/OMDBFilm";
			};
			name = Debug;
		};
		443146A32A647519002B44BB /* Release */ = {
			isa = XCBuildConfiguration;
			buildSettings = {
				BUNDLE_LOADER = "$(TEST_HOST)";
				CODE_SIGN_STYLE = Automatic;
				CURRENT_PROJECT_VERSION = 1;
				DEVELOPMENT_TEAM = L4LT8KYY7F;
				GENERATE_INFOPLIST_FILE = YES;
				MARKETING_VERSION = 1.0;
				PRODUCT_BUNDLE_IDENTIFIER = emincelikkan.OMDBFilmTests;
				PRODUCT_NAME = "$(TARGET_NAME)";
				SWIFT_EMIT_LOC_STRINGS = NO;
				SWIFT_VERSION = 5.0;
				TARGETED_DEVICE_FAMILY = "1,2";
				TEST_HOST = "$(BUILT_PRODUCTS_DIR)/OMDBFilm.app/$(BUNDLE_EXECUTABLE_FOLDER_PATH)/OMDBFilm";
			};
			name = Release;
		};
		4431C5A42A6199B7009C0C7A /* Debug */ = {
			isa = XCBuildConfiguration;
			buildSettings = {
				ALWAYS_SEARCH_USER_PATHS = NO;
				CLANG_ANALYZER_NONNULL = YES;
				CLANG_ANALYZER_NUMBER_OBJECT_CONVERSION = YES_AGGRESSIVE;
				CLANG_CXX_LANGUAGE_STANDARD = "gnu++20";
				CLANG_ENABLE_MODULES = YES;
				CLANG_ENABLE_OBJC_ARC = YES;
				CLANG_ENABLE_OBJC_WEAK = YES;
				CLANG_WARN_BLOCK_CAPTURE_AUTORELEASING = YES;
				CLANG_WARN_BOOL_CONVERSION = YES;
				CLANG_WARN_COMMA = YES;
				CLANG_WARN_CONSTANT_CONVERSION = YES;
				CLANG_WARN_DEPRECATED_OBJC_IMPLEMENTATIONS = YES;
				CLANG_WARN_DIRECT_OBJC_ISA_USAGE = YES_ERROR;
				CLANG_WARN_DOCUMENTATION_COMMENTS = YES;
				CLANG_WARN_EMPTY_BODY = YES;
				CLANG_WARN_ENUM_CONVERSION = YES;
				CLANG_WARN_INFINITE_RECURSION = YES;
				CLANG_WARN_INT_CONVERSION = YES;
				CLANG_WARN_NON_LITERAL_NULL_CONVERSION = YES;
				CLANG_WARN_OBJC_IMPLICIT_RETAIN_SELF = YES;
				CLANG_WARN_OBJC_LITERAL_CONVERSION = YES;
				CLANG_WARN_OBJC_ROOT_CLASS = YES_ERROR;
				CLANG_WARN_QUOTED_INCLUDE_IN_FRAMEWORK_HEADER = YES;
				CLANG_WARN_RANGE_LOOP_ANALYSIS = YES;
				CLANG_WARN_STRICT_PROTOTYPES = YES;
				CLANG_WARN_SUSPICIOUS_MOVE = YES;
				CLANG_WARN_UNGUARDED_AVAILABILITY = YES_AGGRESSIVE;
				CLANG_WARN_UNREACHABLE_CODE = YES;
				CLANG_WARN__DUPLICATE_METHOD_MATCH = YES;
				COPY_PHASE_STRIP = NO;
				DEBUG_INFORMATION_FORMAT = dwarf;
				ENABLE_STRICT_OBJC_MSGSEND = YES;
				ENABLE_TESTABILITY = YES;
				GCC_C_LANGUAGE_STANDARD = gnu11;
				GCC_DYNAMIC_NO_PIC = NO;
				GCC_NO_COMMON_BLOCKS = YES;
				GCC_OPTIMIZATION_LEVEL = 0;
				GCC_PREPROCESSOR_DEFINITIONS = (
					"DEBUG=1",
					"$(inherited)",
				);
				GCC_WARN_64_TO_32_BIT_CONVERSION = YES;
				GCC_WARN_ABOUT_RETURN_TYPE = YES_ERROR;
				GCC_WARN_UNDECLARED_SELECTOR = YES;
				GCC_WARN_UNINITIALIZED_AUTOS = YES_AGGRESSIVE;
				GCC_WARN_UNUSED_FUNCTION = YES;
				GCC_WARN_UNUSED_VARIABLE = YES;
				INFOPLIST_KEY_UILaunchStoryboardName = SplashScreen.storyboard;
				IPHONEOS_DEPLOYMENT_TARGET = 16.4;
				MTL_ENABLE_DEBUG_INFO = INCLUDE_SOURCE;
				MTL_FAST_MATH = YES;
				ONLY_ACTIVE_ARCH = YES;
				SDKROOT = iphoneos;
				SWIFT_ACTIVE_COMPILATION_CONDITIONS = DEBUG;
				SWIFT_OPTIMIZATION_LEVEL = "-Onone";
			};
			name = Debug;
		};
		4431C5A52A6199B7009C0C7A /* Release */ = {
			isa = XCBuildConfiguration;
			buildSettings = {
				ALWAYS_SEARCH_USER_PATHS = NO;
				CLANG_ANALYZER_NONNULL = YES;
				CLANG_ANALYZER_NUMBER_OBJECT_CONVERSION = YES_AGGRESSIVE;
				CLANG_CXX_LANGUAGE_STANDARD = "gnu++20";
				CLANG_ENABLE_MODULES = YES;
				CLANG_ENABLE_OBJC_ARC = YES;
				CLANG_ENABLE_OBJC_WEAK = YES;
				CLANG_WARN_BLOCK_CAPTURE_AUTORELEASING = YES;
				CLANG_WARN_BOOL_CONVERSION = YES;
				CLANG_WARN_COMMA = YES;
				CLANG_WARN_CONSTANT_CONVERSION = YES;
				CLANG_WARN_DEPRECATED_OBJC_IMPLEMENTATIONS = YES;
				CLANG_WARN_DIRECT_OBJC_ISA_USAGE = YES_ERROR;
				CLANG_WARN_DOCUMENTATION_COMMENTS = YES;
				CLANG_WARN_EMPTY_BODY = YES;
				CLANG_WARN_ENUM_CONVERSION = YES;
				CLANG_WARN_INFINITE_RECURSION = YES;
				CLANG_WARN_INT_CONVERSION = YES;
				CLANG_WARN_NON_LITERAL_NULL_CONVERSION = YES;
				CLANG_WARN_OBJC_IMPLICIT_RETAIN_SELF = YES;
				CLANG_WARN_OBJC_LITERAL_CONVERSION = YES;
				CLANG_WARN_OBJC_ROOT_CLASS = YES_ERROR;
				CLANG_WARN_QUOTED_INCLUDE_IN_FRAMEWORK_HEADER = YES;
				CLANG_WARN_RANGE_LOOP_ANALYSIS = YES;
				CLANG_WARN_STRICT_PROTOTYPES = YES;
				CLANG_WARN_SUSPICIOUS_MOVE = YES;
				CLANG_WARN_UNGUARDED_AVAILABILITY = YES_AGGRESSIVE;
				CLANG_WARN_UNREACHABLE_CODE = YES;
				CLANG_WARN__DUPLICATE_METHOD_MATCH = YES;
				COPY_PHASE_STRIP = NO;
				DEBUG_INFORMATION_FORMAT = "dwarf-with-dsym";
				ENABLE_NS_ASSERTIONS = NO;
				ENABLE_STRICT_OBJC_MSGSEND = YES;
				GCC_C_LANGUAGE_STANDARD = gnu11;
				GCC_NO_COMMON_BLOCKS = YES;
				GCC_WARN_64_TO_32_BIT_CONVERSION = YES;
				GCC_WARN_ABOUT_RETURN_TYPE = YES_ERROR;
				GCC_WARN_UNDECLARED_SELECTOR = YES;
				GCC_WARN_UNINITIALIZED_AUTOS = YES_AGGRESSIVE;
				GCC_WARN_UNUSED_FUNCTION = YES;
				GCC_WARN_UNUSED_VARIABLE = YES;
				INFOPLIST_KEY_UILaunchStoryboardName = SplashScreen.storyboard;
				IPHONEOS_DEPLOYMENT_TARGET = 16.4;
				MTL_ENABLE_DEBUG_INFO = NO;
				MTL_FAST_MATH = YES;
				SDKROOT = iphoneos;
				SWIFT_COMPILATION_MODE = wholemodule;
				SWIFT_OPTIMIZATION_LEVEL = "-O";
				VALIDATE_PRODUCT = YES;
			};
			name = Release;
		};
		4431C5A72A6199B7009C0C7A /* Debug */ = {
			isa = XCBuildConfiguration;
			buildSettings = {
				ASSETCATALOG_COMPILER_APPICON_NAME = AppIcon;
				ASSETCATALOG_COMPILER_GLOBAL_ACCENT_COLOR_NAME = AccentColor;
				CODE_SIGN_STYLE = Automatic;
				CURRENT_PROJECT_VERSION = 1;
				DEVELOPMENT_TEAM = L4LT8KYY7F;
				GENERATE_INFOPLIST_FILE = YES;
				INFOPLIST_FILE = OMDBFilm/Info.plist;
				INFOPLIST_KEY_UIApplicationSupportsIndirectInputEvents = YES;
				INFOPLIST_KEY_UILaunchStoryboardName = SplashScreen.storyboard;
				INFOPLIST_KEY_UIMainStoryboardFile = Main;
				INFOPLIST_KEY_UISupportedInterfaceOrientations_iPad = "UIInterfaceOrientationPortrait UIInterfaceOrientationPortraitUpsideDown UIInterfaceOrientationLandscapeLeft UIInterfaceOrientationLandscapeRight";
				INFOPLIST_KEY_UISupportedInterfaceOrientations_iPhone = "UIInterfaceOrientationPortrait UIInterfaceOrientationLandscapeLeft UIInterfaceOrientationLandscapeRight";
				LD_RUNPATH_SEARCH_PATHS = (
					"$(inherited)",
					"@executable_path/Frameworks",
				);
				MARKETING_VERSION = 1.0;
				PRODUCT_BUNDLE_IDENTIFIER = emincelikkan.OMDBFilm;
				PRODUCT_NAME = "$(TARGET_NAME)";
				SWIFT_EMIT_LOC_STRINGS = YES;
				SWIFT_VERSION = 5.0;
				TARGETED_DEVICE_FAMILY = "1,2";
			};
			name = Debug;
		};
		4431C5A82A6199B7009C0C7A /* Release */ = {
			isa = XCBuildConfiguration;
			buildSettings = {
				ASSETCATALOG_COMPILER_APPICON_NAME = AppIcon;
				ASSETCATALOG_COMPILER_GLOBAL_ACCENT_COLOR_NAME = AccentColor;
				CODE_SIGN_STYLE = Automatic;
				CURRENT_PROJECT_VERSION = 1;
				DEVELOPMENT_TEAM = L4LT8KYY7F;
				GENERATE_INFOPLIST_FILE = YES;
				INFOPLIST_FILE = OMDBFilm/Info.plist;
				INFOPLIST_KEY_UIApplicationSupportsIndirectInputEvents = YES;
				INFOPLIST_KEY_UILaunchStoryboardName = SplashScreen.storyboard;
				INFOPLIST_KEY_UIMainStoryboardFile = Main;
				INFOPLIST_KEY_UISupportedInterfaceOrientations_iPad = "UIInterfaceOrientationPortrait UIInterfaceOrientationPortraitUpsideDown UIInterfaceOrientationLandscapeLeft UIInterfaceOrientationLandscapeRight";
				INFOPLIST_KEY_UISupportedInterfaceOrientations_iPhone = "UIInterfaceOrientationPortrait UIInterfaceOrientationLandscapeLeft UIInterfaceOrientationLandscapeRight";
				LD_RUNPATH_SEARCH_PATHS = (
					"$(inherited)",
					"@executable_path/Frameworks",
				);
				MARKETING_VERSION = 1.0;
				PRODUCT_BUNDLE_IDENTIFIER = emincelikkan.OMDBFilm;
				PRODUCT_NAME = "$(TARGET_NAME)";
				SWIFT_EMIT_LOC_STRINGS = YES;
				SWIFT_VERSION = 5.0;
				TARGETED_DEVICE_FAMILY = "1,2";
			};
			name = Release;
		};
/* End XCBuildConfiguration section */

/* Begin XCConfigurationList section */
		443146A12A647519002B44BB /* Build configuration list for PBXNativeTarget "OMDBFilmTests" */ = {
			isa = XCConfigurationList;
			buildConfigurations = (
				443146A22A647519002B44BB /* Debug */,
				443146A32A647519002B44BB /* Release */,
			);
			defaultConfigurationIsVisible = 0;
			defaultConfigurationName = Release;
		};
		4431C58D2A6199B7009C0C7A /* Build configuration list for PBXProject "OMDBFilm" */ = {
			isa = XCConfigurationList;
			buildConfigurations = (
				4431C5A42A6199B7009C0C7A /* Debug */,
				4431C5A52A6199B7009C0C7A /* Release */,
			);
			defaultConfigurationIsVisible = 0;
			defaultConfigurationName = Release;
		};
		4431C5A62A6199B7009C0C7A /* Build configuration list for PBXNativeTarget "OMDBFilm" */ = {
			isa = XCConfigurationList;
			buildConfigurations = (
				4431C5A72A6199B7009C0C7A /* Debug */,
				4431C5A82A6199B7009C0C7A /* Release */,
			);
			defaultConfigurationIsVisible = 0;
			defaultConfigurationName = Release;
		};
/* End XCConfigurationList section */

/* Begin XCRemoteSwiftPackageReference section */
		440EF7272A619D2D00A62A51 /* XCRemoteSwiftPackageReference "Alamofire" */ = {
			isa = XCRemoteSwiftPackageReference;
			repositoryURL = "https://github.com/Alamofire/Alamofire.git";
			requirement = {
				kind = upToNextMajorVersion;
				minimumVersion = 5.0.0;
			};
		};
		440EF74A2A6203CE00A62A51 /* XCRemoteSwiftPackageReference "firebase-ios-sdk" */ = {
			isa = XCRemoteSwiftPackageReference;
			repositoryURL = "https://github.com/firebase/firebase-ios-sdk";
			requirement = {
				kind = upToNextMajorVersion;
				minimumVersion = 10.0.0;
			};
		};
		440EF7882A62BDC000A62A51 /* XCRemoteSwiftPackageReference "lottie-ios" */ = {
			isa = XCRemoteSwiftPackageReference;
			repositoryURL = "https://github.com/airbnb/lottie-ios.git";
			requirement = {
				kind = upToNextMajorVersion;
				minimumVersion = 4.0.0;
			};
		};
		440EF7912A62E3BC00A62A51 /* XCRemoteSwiftPackageReference "AlamofireImage" */ = {
			isa = XCRemoteSwiftPackageReference;
			repositoryURL = "https://github.com/Alamofire/AlamofireImage.git";
			requirement = {
				kind = upToNextMajorVersion;
				minimumVersion = 4.0.0;
			};
		};
/* End XCRemoteSwiftPackageReference section */

/* Begin XCSwiftPackageProductDependency section */
		440EF7282A619D2D00A62A51 /* Alamofire */ = {
			isa = XCSwiftPackageProductDependency;
			package = 440EF7272A619D2D00A62A51 /* XCRemoteSwiftPackageReference "Alamofire" */;
			productName = Alamofire;
		};
		440EF74B2A6203CE00A62A51 /* FirebaseAnalytics */ = {
			isa = XCSwiftPackageProductDependency;
			package = 440EF74A2A6203CE00A62A51 /* XCRemoteSwiftPackageReference "firebase-ios-sdk" */;
			productName = FirebaseAnalytics;
		};
		440EF74D2A6203CE00A62A51 /* FirebaseAnalyticsOnDeviceConversion */ = {
			isa = XCSwiftPackageProductDependency;
			package = 440EF74A2A6203CE00A62A51 /* XCRemoteSwiftPackageReference "firebase-ios-sdk" */;
			productName = FirebaseAnalyticsOnDeviceConversion;
		};
		440EF74F2A6203CE00A62A51 /* FirebaseAnalyticsSwift */ = {
			isa = XCSwiftPackageProductDependency;
			package = 440EF74A2A6203CE00A62A51 /* XCRemoteSwiftPackageReference "firebase-ios-sdk" */;
			productName = FirebaseAnalyticsSwift;
		};
		440EF7512A6203CE00A62A51 /* FirebaseAnalyticsWithoutAdIdSupport */ = {
			isa = XCSwiftPackageProductDependency;
			package = 440EF74A2A6203CE00A62A51 /* XCRemoteSwiftPackageReference "firebase-ios-sdk" */;
			productName = FirebaseAnalyticsWithoutAdIdSupport;
		};
		440EF7572A6203CE00A62A51 /* FirebaseAuth */ = {
			isa = XCSwiftPackageProductDependency;
			package = 440EF74A2A6203CE00A62A51 /* XCRemoteSwiftPackageReference "firebase-ios-sdk" */;
			productName = FirebaseAuth;
		};
		440EF75B2A6203CE00A62A51 /* FirebaseCrashlytics */ = {
			isa = XCSwiftPackageProductDependency;
			package = 440EF74A2A6203CE00A62A51 /* XCRemoteSwiftPackageReference "firebase-ios-sdk" */;
			productName = FirebaseCrashlytics;
		};
		440EF7632A6203CE00A62A51 /* FirebaseFirestore */ = {
			isa = XCSwiftPackageProductDependency;
			package = 440EF74A2A6203CE00A62A51 /* XCRemoteSwiftPackageReference "firebase-ios-sdk" */;
			productName = FirebaseFirestore;
		};
		440EF7692A6203CE00A62A51 /* FirebaseFunctions */ = {
			isa = XCSwiftPackageProductDependency;
			package = 440EF74A2A6203CE00A62A51 /* XCRemoteSwiftPackageReference "firebase-ios-sdk" */;
			productName = FirebaseFunctions;
		};
		440EF7792A6203CE00A62A51 /* FirebaseRemoteConfig */ = {
			isa = XCSwiftPackageProductDependency;
			package = 440EF74A2A6203CE00A62A51 /* XCRemoteSwiftPackageReference "firebase-ios-sdk" */;
			productName = FirebaseRemoteConfig;
		};
		440EF77B2A6203CE00A62A51 /* FirebaseRemoteConfigSwift */ = {
			isa = XCSwiftPackageProductDependency;
			package = 440EF74A2A6203CE00A62A51 /* XCRemoteSwiftPackageReference "firebase-ios-sdk" */;
			productName = FirebaseRemoteConfigSwift;
		};
		440EF77F2A6203CE00A62A51 /* FirebaseStorageCombine-Community */ = {
			isa = XCSwiftPackageProductDependency;
			package = 440EF74A2A6203CE00A62A51 /* XCRemoteSwiftPackageReference "firebase-ios-sdk" */;
			productName = "FirebaseStorageCombine-Community";
		};
		440EF7892A62BDC000A62A51 /* Lottie */ = {
			isa = XCSwiftPackageProductDependency;
			package = 440EF7882A62BDC000A62A51 /* XCRemoteSwiftPackageReference "lottie-ios" */;
			productName = Lottie;
		};
		440EF7922A62E3BC00A62A51 /* AlamofireImage */ = {
			isa = XCSwiftPackageProductDependency;
			package = 440EF7912A62E3BC00A62A51 /* XCRemoteSwiftPackageReference "AlamofireImage" */;
			productName = AlamofireImage;
		};
		443146A72A647663002B44BB /* FirebaseRemoteConfig */ = {
			isa = XCSwiftPackageProductDependency;
			package = 440EF74A2A6203CE00A62A51 /* XCRemoteSwiftPackageReference "firebase-ios-sdk" */;
			productName = FirebaseRemoteConfig;
		};
		448955402A65507C000CF714 /* Alamofire */ = {
			isa = XCSwiftPackageProductDependency;
			package = 440EF7272A619D2D00A62A51 /* XCRemoteSwiftPackageReference "Alamofire" */;
			productName = Alamofire;
		};
		448955422A655088000CF714 /* FirebaseAnalytics */ = {
			isa = XCSwiftPackageProductDependency;
			package = 440EF74A2A6203CE00A62A51 /* XCRemoteSwiftPackageReference "firebase-ios-sdk" */;
			productName = FirebaseAnalytics;
		};
		448955442A655094000CF714 /* AlamofireImage */ = {
			isa = XCSwiftPackageProductDependency;
			package = 440EF7912A62E3BC00A62A51 /* XCRemoteSwiftPackageReference "AlamofireImage" */;
			productName = AlamofireImage;
		};
		448955462A6550A0000CF714 /* FirebaseRemoteConfigSwift */ = {
			isa = XCSwiftPackageProductDependency;
			package = 440EF74A2A6203CE00A62A51 /* XCRemoteSwiftPackageReference "firebase-ios-sdk" */;
			productName = FirebaseRemoteConfigSwift;
		};
		448955482A6550A6000CF714 /* FirebaseAnalyticsSwift */ = {
			isa = XCSwiftPackageProductDependency;
			package = 440EF74A2A6203CE00A62A51 /* XCRemoteSwiftPackageReference "firebase-ios-sdk" */;
			productName = FirebaseAnalyticsSwift;
		};
/* End XCSwiftPackageProductDependency section */
	};
	rootObject = 4431C58A2A6199B7009C0C7A /* Project object */;
}
